lockfileVersion: '9.0'

settings:
  autoInstallPeers: true
  excludeLinksFromLockfile: false

importers:

  .:
    dependencies:
      groq-sdk:
        specifier: ^1.1.1
        version: 1.1.1

packages:

  groq-sdk@1.1.1:
    resolution: {integrity: sha512-p0fb/sfrYfUDJf+b4s+ptV6XrQnY0gA0u2pbaH4E1l6yaeLCKtdX5OBhP/wXXBuKrSnU9w45RaFebfJDWxsXMw==}
    hasBin: true

snapshots:

  groq-sdk@1.1.1: {}
